
Microsoft Visual Studio Solution File, Format Version 12.00
# Visual Studio Version 16
VisualStudioVersion = 16.0.32802.440
MinimumVisualStudioVersion = 10.0.40219.1
Project("{FAE04EC0-301F-11D3-BF4B-00C04F79EFBC}") = "CompanyECommerce", "CompanyECommerce\CompanyECommerce.csproj", "{EE07AF2A-53DF-4041-B35A-C90F7F98A03B}"
EndProject
Global
	GlobalSection(SolutionConfigurationPlatforms) = preSolution
		Debug|Any CPU = Debug|Any CPU
		Release|Any CPU = Release|Any CPU
	EndGlobalSection
	GlobalSection(ProjectConfigurationPlatforms) = postSolution
		{EE07AF2A-53DF-4041-B35A-C90F7F98A03B}.Debug|Any CPU.ActiveCfg = Debug|Any CPU
		{EE07AF2A-53DF-4041-B35A-C90F7F98A03B}.Debug|Any CPU.Build.0 = Debug|Any CPU
		{EE07AF2A-53DF-4041-B35A-C90F7F98A03B}.Release|Any CPU.ActiveCfg = Release|Any CPU
		{EE07AF2A-53DF-4041-B35A-C90F7F98A03B}.Release|Any CPU.Build.0 = Release|Any CPU
	EndGlobalSection
	GlobalSection(SolutionProperties) = preSolution
		HideSolutionNode = FALSE
	EndGlobalSection
	GlobalSection(ExtensibilityGlobals) = postSolution
		SolutionGuid = {2849C7CB-5BB6-46CD-A985-F4BE4F3C232B}
	EndGlobalSection
EndGlobal
